github.com/andybalholm/brotli v1.0.5 h1:8uQZIdzKmjc/iuPu7O2ioW48L81FgatrcpfFmiq/cCs=
github.com/andybalholm/brotli v1.0.5/go.mod h1:fO7iG3H7G2nSZ7m0zPUDn85XEX2GTukHGRSepvi9Eig=
github.com/go-asphyxia/core/bytes v0.0.4 h1:S1Wt00crbvWCEvdL1QoZiCiBo8f2MAYNXmxfE8kQmQE=
github.com/go-asphyxia/core/bytes v0.0.4/go.mod h1:U10n63qC+RfAkG+gtkYgA49wjNBzoyhI2Pb3JqVawPk=
github.com/go-asphyxia/middlewares v1.0.13 h1:TPZ2B2bTUr0QrsorXWyMuDCHXqjS1dpH5N5nRE9xhA8=
github.com/go-asphyxia/middlewares v1.0.13/go.mod h1:Kd2FfrSgpNOpmFvSA5RH5cl/UPNg5AIDd4qPjQR04L8=
github.com/go-asphyxia/tls v1.0.0 h1:6hkLohs/eSom3AzUSXKi/GlfkNDlP0qWwoZgD11oL8c=
github.com/go-asphyxia/tls v1.0.0/go.mod h1:1xxycCYCx+8+IuP7ZUt20a0olNrgZ/9ZqxFkACwPCt0=
github.com/goccy/go-json v0.10.1 h1:lEs5Ob+oOG/Ze199njvzHbhn6p9T+h64F5hRj69iTTo=
github.com/goccy/go-json v0.10.1/go.mod h1:6MelG93GURQebXPDq3khkgXZkazVtN9CRI+MGFi0w8I=
github.com/klauspost/compress v1.16.3 h1:XuJt9zzcnaz6a16/OU53ZjWp/v7/42WcR5t2a0PcNQY=
github.com/klauspost/compress v1.16.3/go.mod h1:ntbaceVETuRiXiv4DpjP66DpAtAGkEQskQzEyD//IeE=
github.com/sakirsensoy/genv v1.0.1 h1:zCZNLHgEM4ZJSyQRArqOdFYqj5uq5FaA/aiBh4UPskU=
github.com/sakirsensoy/genv v1.0.1/go.mod h1:spzy6aws2VhPHh33C3sAfREGcXiEGbB1o6j0p2efJws=
github.com/valyala/bytebufferpool v1.0.0 h1:GqA5TC/0021Y/b9FG4Oi9Mr3q7XYx6KllzawFIhcdPw=
github.com/valyala/bytebufferpool v1.0.0/go.mod h1:6bBcMArwyJ5K/AmCkWv1jt77kVWyCJ6HpOuEn7z0Csc=
github.com/valyala/fasthttp v1.45.0 h1:zPkkzpIn8tdHZUrVa6PzYd0i5verqiPSkgTd3bSUcpA=
github.com/valyala/fasthttp v1.45.0/go.mod h1:k2zXd82h/7UZc3VOdJ2WaUqt1uZ/XpXAfE9i+HBC3lA=
golang.org/x/crypto v0.7.0 h1:AvwMYaRytfdeVt3u6mLaxYtErKYjxA2OXjJ1HHq6t3A=
golang.org/x/crypto v0.7.0/go.mod h1:pYwdfH91IfpZVANVyUOhSIPZaFoJGxTFbZhFTx+dXZU=
golang.org/x/net v0.8.0 h1:Zrh2ngAOFYneWTAIAPethzeaQLuHwhuBkuV6ZiRnUaQ=
golang.org/x/net v0.8.0/go.mod h1:QVkue5JL9kW//ek3r6jTKnTFis1tRmNAW2P1shuFdJc=
golang.org/x/text v0.8.0 h1:57P1ETyNKtuIjB4SRd15iJxuhj8Gc416Y78H3qgMh68=
golang.org/x/text v0.8.0/go.mod h1:e1OnstbJyHTd6l/uOt8jFFHp6TRDWZR/bV3emEE/zU8=
